
Microsoft Visual Studio Solution File, Format Version 12.00
# Visual Studio Version 16
VisualStudioVersion = 16.0.30621.155
MinimumVisualStudioVersion = 10.0.40219.1
Project("{FAE04EC0-301F-11D3-BF4B-00C04F79EFBC}") = "N2B2_Jogo", "N2B2_Jogo\N2B2_Jogo.csproj", "{9898BE52-8EDC-4E1A-8106-947E05EAD8E7}"
EndProject
Global
	GlobalSection(SolutionConfigurationPlatforms) = preSolution
		Debug|Any CPU = Debug|Any CPU
		Release|Any CPU = Release|Any CPU
	EndGlobalSection
	GlobalSection(ProjectConfigurationPlatforms) = postSolution
		{9898BE52-8EDC-4E1A-8106-947E05EAD8E7}.Debug|Any CPU.ActiveCfg = Debug|Any CPU
		{9898BE52-8EDC-4E1A-8106-947E05EAD8E7}.Debug|Any CPU.Build.0 = Debug|Any CPU
		{9898BE52-8EDC-4E1A-8106-947E05EAD8E7}.Release|Any CPU.ActiveCfg = Release|Any CPU
		{9898BE52-8EDC-4E1A-8106-947E05EAD8E7}.Release|Any CPU.Build.0 = Release|Any CPU
	EndGlobalSection
	GlobalSection(SolutionProperties) = preSolution
		HideSolutionNode = FALSE
	EndGlobalSection
	GlobalSection(ExtensibilityGlobals) = postSolution
		SolutionGuid = {659DEBA4-284B-4412-A30C-F6CAD5D795B6}
	EndGlobalSection
EndGlobal
